# This file was autogenerated by Stack.
# You should not edit this file by hand.
# For more information, please see the documentation at:
#   https://docs.haskellstack.org/en/stable/lock_files

packages: []
snapshots:
- completed:
    size: 562051
    url: https://raw.githubusercontent.com/commercialhaskell/stackage-snapshots/master/nightly/2021/1/5.yaml
    sha256: be105362ec57d665ea17fa574ab195c49bb1f9a5bd9016174ef83cd368fba253
  original: nightly-2021-01-05
