# This file was autogenerated by Stack.
# You should not edit this file by hand.
# For more information, please see the documentation at:
#   https://docs.haskellstack.org/en/stable/lock_files

packages: []
snapshots:
- completed:
    size: 529069
    url: https://raw.githubusercontent.com/commercialhaskell/stackage-snapshots/master/nightly/2020/9/7.yaml
    sha256: 98ad2c993ba2035f207a52e3cc40b9a2091a31155536d62e768d2042e8d8e449
  original: nightly-2020-09-07
