# This file was autogenerated by Stack.
# You should not edit this file by hand.
# For more information, please see the documentation at:
#   https://docs.haskellstack.org/en/stable/topics/lock_files

packages: []
snapshots:
- completed:
    sha256: d347039f81388e16ea93ddaf9ff1850abfba8f8680ff75fbdd177692542ceb26
    size: 726286
    url: https://raw.githubusercontent.com/commercialhaskell/stackage-snapshots/master/lts/24/8.yaml
  original: lts-24.8
